
Microsoft Visual Studio Solution File, Format Version 12.00
# Visual Studio Version 16
VisualStudioVersion = 16.0.29728.190
MinimumVisualStudioVersion = 10.0.40219.1
Project("{FAE04EC0-301F-11D3-BF4B-00C04F79EFBC}") = "ArkSavegameToolkitNetStandard", "ArkSavegameToolkitNetStandard\ArkSavegameToolkitNetStandard.csproj", "{30706304-A9EE-4F4E-98D7-549992B5FA63}"
EndProject
Project("{FAE04EC0-301F-11D3-BF4B-00C04F79EFBC}") = "ArkSavegameToolkitNetStandard.Domain", "ArkSavegameToolkitNetStandard.Domain\ArkSavegameToolkitNetStandard.Domain.csproj", "{93BC3792-BAFB-4909-9C44-510736EE11DF}"
EndProject
Global
	GlobalSection(SolutionConfigurationPlatforms) = preSolution
		Debug|Any CPU = Debug|Any CPU
		Release|Any CPU = Release|Any CPU
	EndGlobalSection
	GlobalSection(ProjectConfigurationPlatforms) = postSolution
		{30706304-A9EE-4F4E-98D7-549992B5FA63}.Debug|Any CPU.ActiveCfg = Debug|Any CPU
		{30706304-A9EE-4F4E-98D7-549992B5FA63}.Debug|Any CPU.Build.0 = Debug|Any CPU
		{30706304-A9EE-4F4E-98D7-549992B5FA63}.Release|Any CPU.ActiveCfg = Release|Any CPU
		{30706304-A9EE-4F4E-98D7-549992B5FA63}.Release|Any CPU.Build.0 = Release|Any CPU
		{93BC3792-BAFB-4909-9C44-510736EE11DF}.Debug|Any CPU.ActiveCfg = Debug|Any CPU
		{93BC3792-BAFB-4909-9C44-510736EE11DF}.Debug|Any CPU.Build.0 = Debug|Any CPU
		{93BC3792-BAFB-4909-9C44-510736EE11DF}.Release|Any CPU.ActiveCfg = Release|Any CPU
		{93BC3792-BAFB-4909-9C44-510736EE11DF}.Release|Any CPU.Build.0 = Release|Any CPU
	EndGlobalSection
	GlobalSection(SolutionProperties) = preSolution
		HideSolutionNode = FALSE
	EndGlobalSection
	GlobalSection(ExtensibilityGlobals) = postSolution
		SolutionGuid = {DC7D5E57-9E3F-47F3-8511-65E03C154D0C}
	EndGlobalSection
EndGlobal
